
Microsoft Visual Studio Solution File, Format Version 12.00
# Visual Studio Version 17
VisualStudioVersion = 17.4.33103.184
MinimumVisualStudioVersion = 10.0.40219.1
Project("{FAE04EC0-301F-11D3-BF4B-00C04F79EFBC}") = "ANote", "ANote\ANote.csproj", "{8EB9297D-98E0-4959-9DC9-FC4AAE740AE6}"
EndProject
Global
	GlobalSection(SolutionConfigurationPlatforms) = preSolution
		Debug|Any CPU = Debug|Any CPU
		Release|Any CPU = Release|Any CPU
	EndGlobalSection
	GlobalSection(ProjectConfigurationPlatforms) = postSolution
		{8EB9297D-98E0-4959-9DC9-FC4AAE740AE6}.Debug|Any CPU.ActiveCfg = Debug|Any CPU
		{8EB9297D-98E0-4959-9DC9-FC4AAE740AE6}.Debug|Any CPU.Build.0 = Debug|Any CPU
		{8EB9297D-98E0-4959-9DC9-FC4AAE740AE6}.Release|Any CPU.ActiveCfg = Release|Any CPU
		{8EB9297D-98E0-4959-9DC9-FC4AAE740AE6}.Release|Any CPU.Build.0 = Release|Any CPU
	EndGlobalSection
	GlobalSection(SolutionProperties) = preSolution
		HideSolutionNode = FALSE
	EndGlobalSection
	GlobalSection(ExtensibilityGlobals) = postSolution
		SolutionGuid = {DB69180C-D657-4926-8C8D-527E163CD4F7}
	EndGlobalSection
EndGlobal
